
Microsoft Visual Studio Solution File, Format Version 12.00
# Visual Studio Version 17
VisualStudioVersion = 17.12.35707.178
MinimumVisualStudioVersion = 10.0.40219.1
Project("{FAE04EC0-301F-11D3-BF4B-00C04F79EFBC}") = "ToyCompiler", "ToyCompiler.csproj", "{AB133D0B-0F3B-473A-BF94-98A61D775226}"
EndProject
Global
	GlobalSection(SolutionConfigurationPlatforms) = preSolution
		Debug|Any CPU = Debug|Any CPU
		Debug|x86 = Debug|x86
		Release|Any CPU = Release|Any CPU
		Release|x86 = Release|x86
	EndGlobalSection
	GlobalSection(ProjectConfigurationPlatforms) = postSolution
		{AB133D0B-0F3B-473A-BF94-98A61D775226}.Debug|Any CPU.ActiveCfg = Debug|Any CPU
		{AB133D0B-0F3B-473A-BF94-98A61D775226}.Debug|Any CPU.Build.0 = Debug|Any CPU
		{AB133D0B-0F3B-473A-BF94-98A61D775226}.Debug|x86.ActiveCfg = Debug|x86
		{AB133D0B-0F3B-473A-BF94-98A61D775226}.Debug|x86.Build.0 = Debug|x86
		{AB133D0B-0F3B-473A-BF94-98A61D775226}.Release|Any CPU.ActiveCfg = Release|Any CPU
		{AB133D0B-0F3B-473A-BF94-98A61D775226}.Release|Any CPU.Build.0 = Release|Any CPU
		{AB133D0B-0F3B-473A-BF94-98A61D775226}.Release|x86.ActiveCfg = Release|x86
		{AB133D0B-0F3B-473A-BF94-98A61D775226}.Release|x86.Build.0 = Release|x86
	EndGlobalSection
	GlobalSection(SolutionProperties) = preSolution
		HideSolutionNode = FALSE
	EndGlobalSection
	GlobalSection(ExtensibilityGlobals) = postSolution
		SolutionGuid = {F3020496-64BE-4962-8013-17F871459BBB}
	EndGlobalSection
EndGlobal
